
Microsoft Visual Studio Solution File, Format Version 12.00
# Visual Studio 15
VisualStudioVersion = 15.0.26430.6
MinimumVisualStudioVersion = 10.0.40219.1
Project("{FAE04EC0-301F-11D3-BF4B-00C04F79EFBC}") = "Consola", "Consola\Consola.csproj", "{4867E417-40D4-4EFD-9D14-838EC9736BF7}"
EndProject
Project("{FAE04EC0-301F-11D3-BF4B-00C04F79EFBC}") = "backend", "backend\backend.csproj", "{F790C8A2-1CE7-4542-81AE-2EFABF89545A}"
EndProject
Project("{FAE04EC0-301F-11D3-BF4B-00C04F79EFBC}") = "FronEnd", "FronEnd\FronEnd.csproj", "{C6A6AADC-4C24-449B-84B7-28647E1DCE0F}"
EndProject
Global
	GlobalSection(SolutionConfigurationPlatforms) = preSolution
		Debug|Any CPU = Debug|Any CPU
		Debug|ARM = Debug|ARM
		Debug|x64 = Debug|x64
		Debug|x86 = Debug|x86
		Release|Any CPU = Release|Any CPU
		Release|ARM = Release|ARM
		Release|x64 = Release|x64
		Release|x86 = Release|x86
	EndGlobalSection
	GlobalSection(ProjectConfigurationPlatforms) = postSolution
		{4867E417-40D4-4EFD-9D14-838EC9736BF7}.Debug|Any CPU.ActiveCfg = Debug|Any CPU
		{4867E417-40D4-4EFD-9D14-838EC9736BF7}.Debug|Any CPU.Build.0 = Debug|Any CPU
		{4867E417-40D4-4EFD-9D14-838EC9736BF7}.Debug|ARM.ActiveCfg = Debug|Any CPU
		{4867E417-40D4-4EFD-9D14-838EC9736BF7}.Debug|ARM.Build.0 = Debug|Any CPU
		{4867E417-40D4-4EFD-9D14-838EC9736BF7}.Debug|x64.ActiveCfg = Debug|Any CPU
		{4867E417-40D4-4EFD-9D14-838EC9736BF7}.Debug|x64.Build.0 = Debug|Any CPU
		{4867E417-40D4-4EFD-9D14-838EC9736BF7}.Debug|x86.ActiveCfg = Debug|Any CPU
		{4867E417-40D4-4EFD-9D14-838EC9736BF7}.Debug|x86.Build.0 = Debug|Any CPU
		{4867E417-40D4-4EFD-9D14-838EC9736BF7}.Release|Any CPU.ActiveCfg = Release|Any CPU
		{4867E417-40D4-4EFD-9D14-838EC9736BF7}.Release|Any CPU.Build.0 = Release|Any CPU
		{4867E417-40D4-4EFD-9D14-838EC9736BF7}.Release|ARM.ActiveCfg = Release|Any CPU
		{4867E417-40D4-4EFD-9D14-838EC9736BF7}.Release|ARM.Build.0 = Release|Any CPU
		{4867E417-40D4-4EFD-9D14-838EC9736BF7}.Release|x64.ActiveCfg = Release|Any CPU
		{4867E417-40D4-4EFD-9D14-838EC9736BF7}.Release|x64.Build.0 = Release|Any CPU
		{4867E417-40D4-4EFD-9D14-838EC9736BF7}.Release|x86.ActiveCfg = Release|Any CPU
		{4867E417-40D4-4EFD-9D14-838EC9736BF7}.Release|x86.Build.0 = Release|Any CPU
		{F790C8A2-1CE7-4542-81AE-2EFABF89545A}.Debug|Any CPU.ActiveCfg = Debug|Any CPU
		{F790C8A2-1CE7-4542-81AE-2EFABF89545A}.Debug|Any CPU.Build.0 = Debug|Any CPU
		{F790C8A2-1CE7-4542-81AE-2EFABF89545A}.Debug|ARM.ActiveCfg = Debug|Any CPU
		{F790C8A2-1CE7-4542-81AE-2EFABF89545A}.Debug|ARM.Build.0 = Debug|Any CPU
		{F790C8A2-1CE7-4542-81AE-2EFABF89545A}.Debug|x64.ActiveCfg = Debug|Any CPU
		{F790C8A2-1CE7-4542-81AE-2EFABF89545A}.Debug|x64.Build.0 = Debug|Any CPU
		{F790C8A2-1CE7-4542-81AE-2EFABF89545A}.Debug|x86.ActiveCfg = Debug|Any CPU
		{F790C8A2-1CE7-4542-81AE-2EFABF89545A}.Debug|x86.Build.0 = Debug|Any CPU
		{F790C8A2-1CE7-4542-81AE-2EFABF89545A}.Release|Any CPU.ActiveCfg = Release|Any CPU
		{F790C8A2-1CE7-4542-81AE-2EFABF89545A}.Release|Any CPU.Build.0 = Release|Any CPU
		{F790C8A2-1CE7-4542-81AE-2EFABF89545A}.Release|ARM.ActiveCfg = Release|Any CPU
		{F790C8A2-1CE7-4542-81AE-2EFABF89545A}.Release|ARM.Build.0 = Release|Any CPU
		{F790C8A2-1CE7-4542-81AE-2EFABF89545A}.Release|x64.ActiveCfg = Release|Any CPU
		{F790C8A2-1CE7-4542-81AE-2EFABF89545A}.Release|x64.Build.0 = Release|Any CPU
		{F790C8A2-1CE7-4542-81AE-2EFABF89545A}.Release|x86.ActiveCfg = Release|Any CPU
		{F790C8A2-1CE7-4542-81AE-2EFABF89545A}.Release|x86.Build.0 = Release|Any CPU
		{C6A6AADC-4C24-449B-84B7-28647E1DCE0F}.Debug|Any CPU.ActiveCfg = Debug|Any CPU
		{C6A6AADC-4C24-449B-84B7-28647E1DCE0F}.Debug|Any CPU.Build.0 = Debug|Any CPU
		{C6A6AADC-4C24-449B-84B7-28647E1DCE0F}.Debug|ARM.ActiveCfg = Debug|Any CPU
		{C6A6AADC-4C24-449B-84B7-28647E1DCE0F}.Debug|ARM.Build.0 = Debug|Any CPU
		{C6A6AADC-4C24-449B-84B7-28647E1DCE0F}.Debug|x64.ActiveCfg = Debug|Any CPU
		{C6A6AADC-4C24-449B-84B7-28647E1DCE0F}.Debug|x64.Build.0 = Debug|Any CPU
		{C6A6AADC-4C24-449B-84B7-28647E1DCE0F}.Debug|x86.ActiveCfg = Debug|Any CPU
		{C6A6AADC-4C24-449B-84B7-28647E1DCE0F}.Debug|x86.Build.0 = Debug|Any CPU
		{C6A6AADC-4C24-449B-84B7-28647E1DCE0F}.Release|Any CPU.ActiveCfg = Release|Any CPU
		{C6A6AADC-4C24-449B-84B7-28647E1DCE0F}.Release|Any CPU.Build.0 = Release|Any CPU
		{C6A6AADC-4C24-449B-84B7-28647E1DCE0F}.Release|ARM.ActiveCfg = Release|Any CPU
		{C6A6AADC-4C24-449B-84B7-28647E1DCE0F}.Release|ARM.Build.0 = Release|Any CPU
		{C6A6AADC-4C24-449B-84B7-28647E1DCE0F}.Release|x64.ActiveCfg = Release|Any CPU
		{C6A6AADC-4C24-449B-84B7-28647E1DCE0F}.Release|x64.Build.0 = Release|Any CPU
		{C6A6AADC-4C24-449B-84B7-28647E1DCE0F}.Release|x86.ActiveCfg = Release|Any CPU
		{C6A6AADC-4C24-449B-84B7-28647E1DCE0F}.Release|x86.Build.0 = Release|Any CPU
	EndGlobalSection
	GlobalSection(SolutionProperties) = preSolution
		HideSolutionNode = FALSE
	EndGlobalSection
EndGlobal
